
Microsoft Visual Studio Solution File, Format Version 12.00
# Visual Studio Version 17
VisualStudioVersion = 17.14.36301.6
MinimumVisualStudioVersion = 10.0.40219.1
Project("{8BC9CEB8-8B4A-11D0-8D11-00A0C91BC942}") = "Program", "Source\Source.vcxproj", "{77CB01BE-F8C1-44E4-B6A8-FB4BE57B484F}"
EndProject
Project("{8BC9CEB8-8B4A-11D0-8D11-00A0C91BC942}") = "Class 3th (Constructor & Destrucotor)", "Class 3th(Constructor & Destrucotor)\Class 3th(Constructor & Destrucotor).vcxproj", "{F4BF3C4C-6F00-4FB5-9870-6FCD9318F70E}"
EndProject
Project("{8BC9CEB8-8B4A-11D0-8D11-00A0C91BC942}") = "Class 4th (inheritance)", "Class 4th(inheritance)\Class 4th(inheritance).vcxproj", "{058588DE-3EA6-4BE3-8EDC-910DE2CA44D0}"
EndProject
Project("{8BC9CEB8-8B4A-11D0-8D11-00A0C91BC942}") = "Class 5th (Polymorphism)", "Class5th (Polymorphism)\Class5th (Polymorphism).vcxproj", "{68BE8894-73A7-49E3-A34E-CB1A4DAF11FB}"
EndProject
Project("{8BC9CEB8-8B4A-11D0-8D11-00A0C91BC942}") = "Class 6th (Abstract)", "Class 6th(Abstract)\Class 6th(Abstract).vcxproj", "{B01452C6-E1A0-460C-8028-97AEDA094696}"
EndProject
Project("{8BC9CEB8-8B4A-11D0-8D11-00A0C91BC942}") = "Class 7th (Encapsulation)", "Class7th (Encapsulation)\Class7th (Encapsulation).vcxproj", "{91F93103-D9D0-425A-B261-637348EBC386}"
EndProject
Project("{8BC9CEB8-8B4A-11D0-8D11-00A0C91BC942}") = "Class 8th (Template)", "Class 8th (Template)\Class 8th (Template).vcxproj", "{EB8A5F51-63DF-4B36-91DC-2DE083B0C607}"
EndProject
Project("{8BC9CEB8-8B4A-11D0-8D11-00A0C91BC942}") = "Class 9th (Smart Pointer)", "Class 9th (Smart Pointer)\Class 9th (Smart Pointer).vcxproj", "{830A6861-3F7D-4DDE-A695-C1E4974638C7}"
EndProject
Project("{8BC9CEB8-8B4A-11D0-8D11-00A0C91BC942}") = "Class 10th (Linear Container)", "Class 10th (Linear Container)\Class 10th (Linear Container).vcxproj", "{FFBF1F19-7FB2-4D2A-B162-A8F74C59C0DB}"
EndProject
Project("{8BC9CEB8-8B4A-11D0-8D11-00A0C91BC942}") = "Class 11th(Container Adapter)", "Class 11th(Container Adapter)\Class 11th(Container Adapter).vcxproj", "{1F00B09A-8558-44DE-9AA9-A7D116EA6BA3}"
EndProject
Global
	GlobalSection(SolutionConfigurationPlatforms) = preSolution
		Debug|x64 = Debug|x64
		Debug|x86 = Debug|x86
		Release|x64 = Release|x64
		Release|x86 = Release|x86
	EndGlobalSection
	GlobalSection(ProjectConfigurationPlatforms) = postSolution
		{77CB01BE-F8C1-44E4-B6A8-FB4BE57B484F}.Debug|x64.ActiveCfg = Debug|x64
		{77CB01BE-F8C1-44E4-B6A8-FB4BE57B484F}.Debug|x64.Build.0 = Debug|x64
		{77CB01BE-F8C1-44E4-B6A8-FB4BE57B484F}.Debug|x86.ActiveCfg = Debug|Win32
		{77CB01BE-F8C1-44E4-B6A8-FB4BE57B484F}.Debug|x86.Build.0 = Debug|Win32
		{77CB01BE-F8C1-44E4-B6A8-FB4BE57B484F}.Release|x64.ActiveCfg = Release|x64
		{77CB01BE-F8C1-44E4-B6A8-FB4BE57B484F}.Release|x64.Build.0 = Release|x64
		{77CB01BE-F8C1-44E4-B6A8-FB4BE57B484F}.Release|x86.ActiveCfg = Release|Win32
		{77CB01BE-F8C1-44E4-B6A8-FB4BE57B484F}.Release|x86.Build.0 = Release|Win32
		{F4BF3C4C-6F00-4FB5-9870-6FCD9318F70E}.Debug|x64.ActiveCfg = Debug|x64
		{F4BF3C4C-6F00-4FB5-9870-6FCD9318F70E}.Debug|x64.Build.0 = Debug|x64
		{F4BF3C4C-6F00-4FB5-9870-6FCD9318F70E}.Debug|x86.ActiveCfg = Debug|Win32
		{F4BF3C4C-6F00-4FB5-9870-6FCD9318F70E}.Debug|x86.Build.0 = Debug|Win32
		{F4BF3C4C-6F00-4FB5-9870-6FCD9318F70E}.Release|x64.ActiveCfg = Release|x64
		{F4BF3C4C-6F00-4FB5-9870-6FCD9318F70E}.Release|x64.Build.0 = Release|x64
		{F4BF3C4C-6F00-4FB5-9870-6FCD9318F70E}.Release|x86.ActiveCfg = Release|Win32
		{F4BF3C4C-6F00-4FB5-9870-6FCD9318F70E}.Release|x86.Build.0 = Release|Win32
		{058588DE-3EA6-4BE3-8EDC-910DE2CA44D0}.Debug|x64.ActiveCfg = Debug|x64
		{058588DE-3EA6-4BE3-8EDC-910DE2CA44D0}.Debug|x64.Build.0 = Debug|x64
		{058588DE-3EA6-4BE3-8EDC-910DE2CA44D0}.Debug|x86.ActiveCfg = Debug|Win32
		{058588DE-3EA6-4BE3-8EDC-910DE2CA44D0}.Debug|x86.Build.0 = Debug|Win32
		{058588DE-3EA6-4BE3-8EDC-910DE2CA44D0}.Release|x64.ActiveCfg = Release|x64
		{058588DE-3EA6-4BE3-8EDC-910DE2CA44D0}.Release|x64.Build.0 = Release|x64
		{058588DE-3EA6-4BE3-8EDC-910DE2CA44D0}.Release|x86.ActiveCfg = Release|Win32
		{058588DE-3EA6-4BE3-8EDC-910DE2CA44D0}.Release|x86.Build.0 = Release|Win32
		{68BE8894-73A7-49E3-A34E-CB1A4DAF11FB}.Debug|x64.ActiveCfg = Debug|x64
		{68BE8894-73A7-49E3-A34E-CB1A4DAF11FB}.Debug|x64.Build.0 = Debug|x64
		{68BE8894-73A7-49E3-A34E-CB1A4DAF11FB}.Debug|x86.ActiveCfg = Debug|Win32
		{68BE8894-73A7-49E3-A34E-CB1A4DAF11FB}.Debug|x86.Build.0 = Debug|Win32
		{68BE8894-73A7-49E3-A34E-CB1A4DAF11FB}.Release|x64.ActiveCfg = Release|x64
		{68BE8894-73A7-49E3-A34E-CB1A4DAF11FB}.Release|x64.Build.0 = Release|x64
		{68BE8894-73A7-49E3-A34E-CB1A4DAF11FB}.Release|x86.ActiveCfg = Release|Win32
		{68BE8894-73A7-49E3-A34E-CB1A4DAF11FB}.Release|x86.Build.0 = Release|Win32
		{B01452C6-E1A0-460C-8028-97AEDA094696}.Debug|x64.ActiveCfg = Debug|x64
		{B01452C6-E1A0-460C-8028-97AEDA094696}.Debug|x64.Build.0 = Debug|x64
		{B01452C6-E1A0-460C-8028-97AEDA094696}.Debug|x86.ActiveCfg = Debug|Win32
		{B01452C6-E1A0-460C-8028-97AEDA094696}.Debug|x86.Build.0 = Debug|Win32
		{B01452C6-E1A0-460C-8028-97AEDA094696}.Release|x64.ActiveCfg = Release|x64
		{B01452C6-E1A0-460C-8028-97AEDA094696}.Release|x64.Build.0 = Release|x64
		{B01452C6-E1A0-460C-8028-97AEDA094696}.Release|x86.ActiveCfg = Release|Win32
		{B01452C6-E1A0-460C-8028-97AEDA094696}.Release|x86.Build.0 = Release|Win32
		{91F93103-D9D0-425A-B261-637348EBC386}.Debug|x64.ActiveCfg = Debug|x64
		{91F93103-D9D0-425A-B261-637348EBC386}.Debug|x64.Build.0 = Debug|x64
		{91F93103-D9D0-425A-B261-637348EBC386}.Debug|x86.ActiveCfg = Debug|Win32
		{91F93103-D9D0-425A-B261-637348EBC386}.Debug|x86.Build.0 = Debug|Win32
		{91F93103-D9D0-425A-B261-637348EBC386}.Release|x64.ActiveCfg = Release|x64
		{91F93103-D9D0-425A-B261-637348EBC386}.Release|x64.Build.0 = Release|x64
		{91F93103-D9D0-425A-B261-637348EBC386}.Release|x86.ActiveCfg = Release|Win32
		{91F93103-D9D0-425A-B261-637348EBC386}.Release|x86.Build.0 = Release|Win32
		{EB8A5F51-63DF-4B36-91DC-2DE083B0C607}.Debug|x64.ActiveCfg = Debug|x64
		{EB8A5F51-63DF-4B36-91DC-2DE083B0C607}.Debug|x64.Build.0 = Debug|x64
		{EB8A5F51-63DF-4B36-91DC-2DE083B0C607}.Debug|x86.ActiveCfg = Debug|Win32
		{EB8A5F51-63DF-4B36-91DC-2DE083B0C607}.Debug|x86.Build.0 = Debug|Win32
		{EB8A5F51-63DF-4B36-91DC-2DE083B0C607}.Release|x64.ActiveCfg = Release|x64
		{EB8A5F51-63DF-4B36-91DC-2DE083B0C607}.Release|x64.Build.0 = Release|x64
		{EB8A5F51-63DF-4B36-91DC-2DE083B0C607}.Release|x86.ActiveCfg = Release|Win32
		{EB8A5F51-63DF-4B36-91DC-2DE083B0C607}.Release|x86.Build.0 = Release|Win32
		{830A6861-3F7D-4DDE-A695-C1E4974638C7}.Debug|x64.ActiveCfg = Debug|x64
		{830A6861-3F7D-4DDE-A695-C1E4974638C7}.Debug|x64.Build.0 = Debug|x64
		{830A6861-3F7D-4DDE-A695-C1E4974638C7}.Debug|x86.ActiveCfg = Debug|Win32
		{830A6861-3F7D-4DDE-A695-C1E4974638C7}.Debug|x86.Build.0 = Debug|Win32
		{830A6861-3F7D-4DDE-A695-C1E4974638C7}.Release|x64.ActiveCfg = Release|x64
		{830A6861-3F7D-4DDE-A695-C1E4974638C7}.Release|x64.Build.0 = Release|x64
		{830A6861-3F7D-4DDE-A695-C1E4974638C7}.Release|x86.ActiveCfg = Release|Win32
		{830A6861-3F7D-4DDE-A695-C1E4974638C7}.Release|x86.Build.0 = Release|Win32
		{FFBF1F19-7FB2-4D2A-B162-A8F74C59C0DB}.Debug|x64.ActiveCfg = Debug|x64
		{FFBF1F19-7FB2-4D2A-B162-A8F74C59C0DB}.Debug|x64.Build.0 = Debug|x64
		{FFBF1F19-7FB2-4D2A-B162-A8F74C59C0DB}.Debug|x86.ActiveCfg = Debug|Win32
		{FFBF1F19-7FB2-4D2A-B162-A8F74C59C0DB}.Debug|x86.Build.0 = Debug|Win32
		{FFBF1F19-7FB2-4D2A-B162-A8F74C59C0DB}.Release|x64.ActiveCfg = Release|x64
		{FFBF1F19-7FB2-4D2A-B162-A8F74C59C0DB}.Release|x64.Build.0 = Release|x64
		{FFBF1F19-7FB2-4D2A-B162-A8F74C59C0DB}.Release|x86.ActiveCfg = Release|Win32
		{FFBF1F19-7FB2-4D2A-B162-A8F74C59C0DB}.Release|x86.Build.0 = Release|Win32
		{1F00B09A-8558-44DE-9AA9-A7D116EA6BA3}.Debug|x64.ActiveCfg = Debug|x64
		{1F00B09A-8558-44DE-9AA9-A7D116EA6BA3}.Debug|x64.Build.0 = Debug|x64
		{1F00B09A-8558-44DE-9AA9-A7D116EA6BA3}.Debug|x86.ActiveCfg = Debug|Win32
		{1F00B09A-8558-44DE-9AA9-A7D116EA6BA3}.Debug|x86.Build.0 = Debug|Win32
		{1F00B09A-8558-44DE-9AA9-A7D116EA6BA3}.Release|x64.ActiveCfg = Release|x64
		{1F00B09A-8558-44DE-9AA9-A7D116EA6BA3}.Release|x64.Build.0 = Release|x64
		{1F00B09A-8558-44DE-9AA9-A7D116EA6BA3}.Release|x86.ActiveCfg = Release|Win32
		{1F00B09A-8558-44DE-9AA9-A7D116EA6BA3}.Release|x86.Build.0 = Release|Win32
	EndGlobalSection
	GlobalSection(SolutionProperties) = preSolution
		HideSolutionNode = FALSE
	EndGlobalSection
	GlobalSection(ExtensibilityGlobals) = postSolution
		SolutionGuid = {BC42B55C-8509-4F6D-BD84-7F0F6F683A5C}
	EndGlobalSection
EndGlobal
